
Microsoft Visual Studio Solution File, Format Version 12.00
# Visual Studio Version 17
VisualStudioVersion = 17.7.34302.85
MinimumVisualStudioVersion = 10.0.40219.1
Project("{FAE04EC0-301F-11D3-BF4B-00C04F79EFBC}") = "Ejemplo 18", "Ejemplo 18.csproj", "{D2F99C3A-BF2C-4FE3-86DE-FD95B0A4FBAD}"
EndProject
Global
	GlobalSection(SolutionConfigurationPlatforms) = preSolution
		Debug|Any CPU = Debug|Any CPU
		Release|Any CPU = Release|Any CPU
	EndGlobalSection
	GlobalSection(ProjectConfigurationPlatforms) = postSolution
		{D2F99C3A-BF2C-4FE3-86DE-FD95B0A4FBAD}.Debug|Any CPU.ActiveCfg = Debug|Any CPU
		{D2F99C3A-BF2C-4FE3-86DE-FD95B0A4FBAD}.Debug|Any CPU.Build.0 = Debug|Any CPU
		{D2F99C3A-BF2C-4FE3-86DE-FD95B0A4FBAD}.Release|Any CPU.ActiveCfg = Release|Any CPU
		{D2F99C3A-BF2C-4FE3-86DE-FD95B0A4FBAD}.Release|Any CPU.Build.0 = Release|Any CPU
	EndGlobalSection
	GlobalSection(SolutionProperties) = preSolution
		HideSolutionNode = FALSE
	EndGlobalSection
	GlobalSection(ExtensibilityGlobals) = postSolution
		SolutionGuid = {A84C989D-9B04-4D11-9377-DF9F89979DB2}
	EndGlobalSection
EndGlobal
